
Microsoft Visual Studio Solution File, Format Version 12.00
# Visual Studio Version 17
VisualStudioVersion = 17.0.32014.148
MinimumVisualStudioVersion = 10.0.40219.1
Project("{FAE04EC0-301F-11D3-BF4B-00C04F79EFBC}") = "GK_3D", "GK_3D\GK_3D.csproj", "{1CD7820F-CD93-47BB-A25F-96441CFB992D}"
EndProject
Global
	GlobalSection(SolutionConfigurationPlatforms) = preSolution
		Debug|Any CPU = Debug|Any CPU
		Release|Any CPU = Release|Any CPU
	EndGlobalSection
	GlobalSection(ProjectConfigurationPlatforms) = postSolution
		{1CD7820F-CD93-47BB-A25F-96441CFB992D}.Debug|Any CPU.ActiveCfg = Debug|Any CPU
		{1CD7820F-CD93-47BB-A25F-96441CFB992D}.Debug|Any CPU.Build.0 = Debug|Any CPU
		{1CD7820F-CD93-47BB-A25F-96441CFB992D}.Release|Any CPU.ActiveCfg = Release|Any CPU
		{1CD7820F-CD93-47BB-A25F-96441CFB992D}.Release|Any CPU.Build.0 = Release|Any CPU
	EndGlobalSection
	GlobalSection(SolutionProperties) = preSolution
		HideSolutionNode = FALSE
	EndGlobalSection
	GlobalSection(ExtensibilityGlobals) = postSolution
		SolutionGuid = {C9B5E64C-9F1A-433E-BADC-165C93493481}
	EndGlobalSection
EndGlobal
